<?xml version="1.0" encoding="utf-8"?>
<Project ToolsVersion="4.0" xmlns="http://schemas.microsoft.com/developer/msbuild/2003">
  <ItemGroup>
    <Filter Include="Header Files">
      <UniqueIdentifier>{93995380-89BD-4b04-88EB-625FBE52EBFB}</UniqueIdentifier>
      <Extensions>h;hpp;hxx;hm;inl;inc;xsd</Extensions>
    </Filter>
    <Filter Include="Resource Files">
      <UniqueIdentifier>{67DA6AB6-F800-4c08-8B7A-83BB121AAD01}</UniqueIdentifier>
      <Extensions>rc;ico;cur;bmp;dlg;rc2;rct;bin;rgs;gif;jpg;jpeg;jpe;resx</Extensions>
    </Filter>
    <Filter Include="Source Files">
      <UniqueIdentifier>{4FC737F1-C7A5-4376-A066-2A32D752A2FF}</UniqueIdentifier>
      <Extensions>cpp;c;cc;cxx;def;odl;idl;hpj;bat;asm;asmx</Extensions>
    </Filter>
  </ItemGroup>
  <ItemGroup>
    <ClInclude Include="..\src\gaul\ga_bitstring.h">
      <Filter>Header Files</Filter>
    </ClInclude>
    <ClInclude Include="..\src\gaul\ga_chromo.h">
      <Filter>Header Files</Filter>
    </ClInclude>
    <ClInclude Include="..\src\gaul\ga_climbing.h">
      <Filter>Header Files</Filter>
    </ClInclude>
    <ClInclude Include="..\src\gaul\ga_core.h">
      <Filter>Header Files</Filter>
    </ClInclude>
    <ClInclude Include="..\src\gaul\ga_de.h">
      <Filter>Header Files</Filter>
    </ClInclude>
    <ClInclude Include="..\src\gaul\ga_deterministiccrowding.h">
      <Filter>Header Files</Filter>
    </ClInclude>
    <ClInclude Include="..\src\gaul\ga_gradient.h">
      <Filter>Header Files</Filter>
    </ClInclude>
    <ClInclude Include="..\src\gaul\ga_intrinsics.h">
      <Filter>Header Files</Filter>
    </ClInclude>
    <ClInclude Include="..\src\gaul\ga_optim.h">
      <Filter>Header Files</Filter>
    </ClInclude>
    <ClInclude Include="..\src\gaul\ga_qsort.h">
      <Filter>Header Files</Filter>
    </ClInclude>
    <ClInclude Include="..\src\gaul\ga_randomsearch.h">
      <Filter>Header Files</Filter>
    </ClInclude>
    <ClInclude Include="..\src\gaul\ga_sa.h">
      <Filter>Header Files</Filter>
    </ClInclude>
    <ClInclude Include="..\src\gaul\ga_search.h">
      <Filter>Header Files</Filter>
    </ClInclude>
    <ClInclude Include="..\src\gaul\ga_similarity.h">
      <Filter>Header Files</Filter>
    </ClInclude>
    <ClInclude Include="..\src\gaul\ga_simplex.h">
      <Filter>Header Files</Filter>
    </ClInclude>
    <ClInclude Include="..\src\gaul\ga_systematicsearch.h">
      <Filter>Header Files</Filter>
    </ClInclude>
    <ClInclude Include="..\src\gaul\ga_tabu.h">
      <Filter>Header Files</Filter>
    </ClInclude>
    <ClInclude Include="..\src\gaul.h">
      <Filter>Header Files</Filter>
    </ClInclude>
    <ClInclude Include="..\util\gaul\avltree.h">
      <Filter>Header Files</Filter>
    </ClInclude>
    <ClInclude Include="..\util\gaul\compatibility.h">
      <Filter>Header Files</Filter>
    </ClInclude>
    <ClInclude Include="..\util\gaul\gaul_config.h">
      <Filter>Header Files</Filter>
    </ClInclude>
    <ClInclude Include="..\util\gaul\gaul_config_win.h">
      <Filter>Header Files</Filter>
    </ClInclude>
    <ClInclude Include="..\util\gaul\gaul_util.h">
      <Filter>Header Files</Filter>
    </ClInclude>
    <ClInclude Include="..\util\gaul\linkedlist.h">
      <Filter>Header Files</Filter>
    </ClInclude>
    <ClInclude Include="..\util\gaul\log_util.h">
      <Filter>Header Files</Filter>
    </ClInclude>
    <ClInclude Include="..\util\gaul\memory_chunks.h">
      <Filter>Header Files</Filter>
    </ClInclude>
    <ClInclude Include="..\util\gaul\memory_util.h">
      <Filter>Header Files</Filter>
    </ClInclude>
    <ClInclude Include="..\util\gaul\nn_util.h">
      <Filter>Header Files</Filter>
    </ClInclude>
    <ClInclude Include="..\util\gaul\random_util.h">
      <Filter>Header Files</Filter>
    </ClInclude>
    <ClInclude Include="..\util\gaul\table_util.h">
      <Filter>Header Files</Filter>
    </ClInclude>
    <ClInclude Include="..\util\gaul\timer_util.h">
      <Filter>Header Files</Filter>
    </ClInclude>
  </ItemGroup>
  <ItemGroup>
    <ClCompile Include="..\src\ga_bitstring.c">
      <Filter>Source Files</Filter>
    </ClCompile>
    <ClCompile Include="..\src\ga_chromo.c">
      <Filter>Source Files</Filter>
    </ClCompile>
    <ClCompile Include="..\src\ga_climbing.c">
      <Filter>Source Files</Filter>
    </ClCompile>
    <ClCompile Include="..\src\ga_compare.c">
      <Filter>Source Files</Filter>
    </ClCompile>
    <ClCompile Include="..\src\ga_core.c">
      <Filter>Source Files</Filter>
    </ClCompile>
    <ClCompile Include="..\src\ga_crossover.c">
      <Filter>Source Files</Filter>
    </ClCompile>
    <ClCompile Include="..\src\ga_de.c">
      <Filter>Source Files</Filter>
    </ClCompile>
    <ClCompile Include="..\src\ga_deterministiccrowding.c">
      <Filter>Source Files</Filter>
    </ClCompile>
    <ClCompile Include="..\src\ga_gradient.c">
      <Filter>Source Files</Filter>
    </ClCompile>
    <ClCompile Include="..\src\ga_intrinsics.c">
      <Filter>Source Files</Filter>
    </ClCompile>
    <ClCompile Include="..\src\ga_io.c">
      <Filter>Source Files</Filter>
    </ClCompile>
    <ClCompile Include="..\src\ga_mutate.c">
      <Filter>Source Files</Filter>
    </ClCompile>
    <ClCompile Include="..\src\ga_optim.c">
      <Filter>Source Files</Filter>
    </ClCompile>
    <ClCompile Include="..\src\ga_qsort.c">
      <Filter>Source Files</Filter>
    </ClCompile>
    <ClCompile Include="..\src\ga_randomsearch.c">
      <Filter>Source Files</Filter>
    </ClCompile>
    <ClCompile Include="..\src\ga_rank.c">
      <Filter>Source Files</Filter>
    </ClCompile>
    <ClCompile Include="..\src\ga_replace.c">
      <Filter>Source Files</Filter>
    </ClCompile>
    <ClCompile Include="..\src\ga_sa.c">
      <Filter>Source Files</Filter>
    </ClCompile>
    <ClCompile Include="..\src\ga_seed.c">
      <Filter>Source Files</Filter>
    </ClCompile>
    <ClCompile Include="..\src\ga_select.c">
      <Filter>Source Files</Filter>
    </ClCompile>
    <ClCompile Include="..\src\ga_similarity.c">
      <Filter>Source Files</Filter>
    </ClCompile>
    <ClCompile Include="..\src\ga_simplex.c">
      <Filter>Source Files</Filter>
    </ClCompile>
    <ClCompile Include="..\src\ga_stats.c">
      <Filter>Source Files</Filter>
    </ClCompile>
    <ClCompile Include="..\src\ga_systematicsearch.c">
      <Filter>Source Files</Filter>
    </ClCompile>
    <ClCompile Include="..\src\ga_tabu.c">
      <Filter>Source Files</Filter>
    </ClCompile>
    <ClCompile Include="..\src\ga_utility.c">
      <Filter>Source Files</Filter>
    </ClCompile>
    <ClCompile Include="..\util\avltree.c">
      <Filter>Source Files</Filter>
    </ClCompile>
    <ClCompile Include="..\util\compatibility.c">
      <Filter>Source Files</Filter>
    </ClCompile>
    <ClCompile Include="..\util\linkedlist.c">
      <Filter>Source Files</Filter>
    </ClCompile>
    <ClCompile Include="..\util\log_util.c">
      <Filter>Source Files</Filter>
    </ClCompile>
    <ClCompile Include="..\util\memory_chunks.c">
      <Filter>Source Files</Filter>
    </ClCompile>
    <ClCompile Include="..\util\memory_util.c">
      <Filter>Source Files</Filter>
    </ClCompile>
    <ClCompile Include="..\util\nn_util.c">
      <Filter>Source Files</Filter>
    </ClCompile>
    <ClCompile Include="..\util\random_util.c">
      <Filter>Source Files</Filter>
    </ClCompile>
    <ClCompile Include="..\util\table_util.c">
      <Filter>Source Files</Filter>
    </ClCompile>
    <ClCompile Include="..\util\timer_util.c">
      <Filter>Source Files</Filter>
    </ClCompile>
  </ItemGroup>
</Project>